
Microsoft Visual Studio Solution File, Format Version 11.00
# Visual Studio 2010
Project("{FAE04EC0-301F-11D3-BF4B-00C04F79EFBC}") = "EnumCsharp", "EnumCsharp\EnumCsharp.csproj", "{3386B774-3FA6-49FB-9626-09FE21250FCB}"
EndProject
Global
	GlobalSection(SolutionConfigurationPlatforms) = preSolution
		Debug|x86 = Debug|x86
		Release|x86 = Release|x86
	EndGlobalSection
	GlobalSection(ProjectConfigurationPlatforms) = postSolution
		{3386B774-3FA6-49FB-9626-09FE21250FCB}.Debug|x86.ActiveCfg = Debug|x86
		{3386B774-3FA6-49FB-9626-09FE21250FCB}.Debug|x86.Build.0 = Debug|x86
		{3386B774-3FA6-49FB-9626-09FE21250FCB}.Release|x86.ActiveCfg = Release|x86
		{3386B774-3FA6-49FB-9626-09FE21250FCB}.Release|x86.Build.0 = Release|x86
	EndGlobalSection
	GlobalSection(SolutionProperties) = preSolution
		HideSolutionNode = FALSE
	EndGlobalSection
EndGlobal
