
Microsoft Visual Studio Solution File, Format Version 11.00
# Visual C++ Express 2010
Project("{8BC9CEB8-8B4A-11D0-8D11-00A0C91BC942}") = "ReferenciasColgantes", "ReferenciasColgantes\ReferenciasColgantes.vcxproj", "{F0187BBC-8462-4016-95FA-16FB4498C9A1}"
EndProject
Global
	GlobalSection(SolutionConfigurationPlatforms) = preSolution
		Debug|Win32 = Debug|Win32
		Release|Win32 = Release|Win32
	EndGlobalSection
	GlobalSection(ProjectConfigurationPlatforms) = postSolution
		{F0187BBC-8462-4016-95FA-16FB4498C9A1}.Debug|Win32.ActiveCfg = Debug|Win32
		{F0187BBC-8462-4016-95FA-16FB4498C9A1}.Debug|Win32.Build.0 = Debug|Win32
		{F0187BBC-8462-4016-95FA-16FB4498C9A1}.Release|Win32.ActiveCfg = Release|Win32
		{F0187BBC-8462-4016-95FA-16FB4498C9A1}.Release|Win32.Build.0 = Release|Win32
	EndGlobalSection
	GlobalSection(SolutionProperties) = preSolution
		HideSolutionNode = FALSE
	EndGlobalSection
EndGlobal
