
Microsoft Visual Studio Solution File, Format Version 11.00
# Visual Studio 2010
Project("{FAE04EC0-301F-11D3-BF4B-00C04F79EFBC}") = "SystemIO", "SystemIO\SystemIO.csproj", "{2A005903-35C3-486B-810B-B5C0282F764D}"
EndProject
Global
	GlobalSection(SolutionConfigurationPlatforms) = preSolution
		Debug|x86 = Debug|x86
		Release|x86 = Release|x86
	EndGlobalSection
	GlobalSection(ProjectConfigurationPlatforms) = postSolution
		{2A005903-35C3-486B-810B-B5C0282F764D}.Debug|x86.ActiveCfg = Debug|x86
		{2A005903-35C3-486B-810B-B5C0282F764D}.Debug|x86.Build.0 = Debug|x86
		{2A005903-35C3-486B-810B-B5C0282F764D}.Release|x86.ActiveCfg = Release|x86
		{2A005903-35C3-486B-810B-B5C0282F764D}.Release|x86.Build.0 = Release|x86
	EndGlobalSection
	GlobalSection(SolutionProperties) = preSolution
		HideSolutionNode = FALSE
	EndGlobalSection
EndGlobal
