Microsoft Visual Studio Solution File, Format Version 11.00
# Visual Studio 2010
Project("{2150E333-8FDC-42A3-9474-1A3956D46DE8}") = "Solution Items", "Solution Items", "{C62B280A-57E1-42BC-BEFF-E43411E6F789}"
	ProjectSection(SolutionItems) = preProject
		..\Readme.htm = ..\Readme.htm
	EndProjectSection
EndProject
Project("{FAE04EC0-301F-11D3-BF4B-00C04F79EFBC}") = "MonitorSynchronizationCS", "MonitorSynchronization\MonitorSynchronizationCS.csproj", "{68CC60F9-5F6C-4819-BD32-BCA206070FA6}"
EndProject
Global
	GlobalSection(SolutionConfigurationPlatforms) = preSolution
		Debug|.NET = Debug|.NET
		Release|.NET = Release|.NET
	EndGlobalSection
	GlobalSection(ProjectConfigurationPlatforms) = postSolution
		{68CC60F9-5F6C-4819-BD32-BCA206070FA6}.Debug|.NET.ActiveCfg = Debug|Any CPU
		{68CC60F9-5F6C-4819-BD32-BCA206070FA6}.Debug|.NET.Build.0 = Debug|Any CPU
		{68CC60F9-5F6C-4819-BD32-BCA206070FA6}.Release|.NET.ActiveCfg = Release|Any CPU
		{68CC60F9-5F6C-4819-BD32-BCA206070FA6}.Release|.NET.Build.0 = Release|Any CPU
	EndGlobalSection
	GlobalSection(SolutionProperties) = preSolution
		HideSolutionNode = FALSE
	EndGlobalSection
EndGlobal
