
Microsoft Visual Studio Solution File, Format Version 12.00
# Visual Studio 14
VisualStudioVersion = 14.0.25420.1
MinimumVisualStudioVersion = 10.0.40219.1
Project("{2150E333-8FDC-42A3-9474-1A3956D46DE8}") = "src", "src", "{D578F372-DAAA-46D3-9FB6-2C1723BD0430}"
EndProject
Project("{2150E333-8FDC-42A3-9474-1A3956D46DE8}") = "Solution Items", "Solution Items", "{159179F4-C415-461B-9234-5EFC8BA11508}"
	ProjectSection(SolutionItems) = preProject
		global.json = global.json
	EndProjectSection
EndProject
Project("{8BB2217D-0F2D-49D1-97BC-3654ED321F3B}") = "BookList", "src\BookList\BookList.xproj", "{6593C3E8-DE27-4CF4-95DF-BFBF01AD6C0B}"
EndProject
Global
	GlobalSection(SolutionConfigurationPlatforms) = preSolution
		Debug|Any CPU = Debug|Any CPU
		Release|Any CPU = Release|Any CPU
	EndGlobalSection
	GlobalSection(ProjectConfigurationPlatforms) = postSolution
		{6593C3E8-DE27-4CF4-95DF-BFBF01AD6C0B}.Debug|Any CPU.ActiveCfg = Debug|Any CPU
		{6593C3E8-DE27-4CF4-95DF-BFBF01AD6C0B}.Debug|Any CPU.Build.0 = Debug|Any CPU
		{6593C3E8-DE27-4CF4-95DF-BFBF01AD6C0B}.Release|Any CPU.ActiveCfg = Release|Any CPU
		{6593C3E8-DE27-4CF4-95DF-BFBF01AD6C0B}.Release|Any CPU.Build.0 = Release|Any CPU
	EndGlobalSection
	GlobalSection(SolutionProperties) = preSolution
		HideSolutionNode = FALSE
	EndGlobalSection
	GlobalSection(NestedProjects) = preSolution
		{6593C3E8-DE27-4CF4-95DF-BFBF01AD6C0B} = {D578F372-DAAA-46D3-9FB6-2C1723BD0430}
	EndGlobalSection
EndGlobal
