
Microsoft Visual Studio Solution File, Format Version 11.00
# Visual Studio 2010
Project("{FAE04EC0-301F-11D3-BF4B-00C04F79EFBC}") = "WebMVC3", "WebMVC3\WebMVC3.csproj", "{A29BC23E-824C-4BEE-BB08-51B72C08DB17}"
EndProject
Global
	GlobalSection(SolutionConfigurationPlatforms) = preSolution
		Debug|Any CPU = Debug|Any CPU
		Release|Any CPU = Release|Any CPU
	EndGlobalSection
	GlobalSection(ProjectConfigurationPlatforms) = postSolution
		{A29BC23E-824C-4BEE-BB08-51B72C08DB17}.Debug|Any CPU.ActiveCfg = Debug|Any CPU
		{A29BC23E-824C-4BEE-BB08-51B72C08DB17}.Debug|Any CPU.Build.0 = Debug|Any CPU
		{A29BC23E-824C-4BEE-BB08-51B72C08DB17}.Release|Any CPU.ActiveCfg = Release|Any CPU
		{A29BC23E-824C-4BEE-BB08-51B72C08DB17}.Release|Any CPU.Build.0 = Release|Any CPU
	EndGlobalSection
	GlobalSection(MonoDevelopProperties) = preSolution
		StartupItem = WebMVC3\WebMVC3.csproj
	EndGlobalSection
EndGlobal
