
Microsoft Visual Studio Solution File, Format Version 12.00
# Visual Studio Express 2012 for Web
Project("{FAE04EC0-301F-11D3-BF4B-00C04F79EFBC}") = "AppMVC4", "AppMVC4\AppMVC4.csproj", "{88FD7F28-C394-4C14-B7F8-38937407FC24}"
EndProject
Global
	GlobalSection(SolutionConfigurationPlatforms) = preSolution
		Debug|Any CPU = Debug|Any CPU
		Release|Any CPU = Release|Any CPU
	EndGlobalSection
	GlobalSection(ProjectConfigurationPlatforms) = postSolution
		{88FD7F28-C394-4C14-B7F8-38937407FC24}.Debug|Any CPU.ActiveCfg = Debug|Any CPU
		{88FD7F28-C394-4C14-B7F8-38937407FC24}.Debug|Any CPU.Build.0 = Debug|Any CPU
		{88FD7F28-C394-4C14-B7F8-38937407FC24}.Release|Any CPU.ActiveCfg = Release|Any CPU
		{88FD7F28-C394-4C14-B7F8-38937407FC24}.Release|Any CPU.Build.0 = Release|Any CPU
	EndGlobalSection
	GlobalSection(SolutionProperties) = preSolution
		HideSolutionNode = FALSE
	EndGlobalSection
EndGlobal
