
Microsoft Visual Studio Solution File, Format Version 11.00
# Visual Studio 2010
Project("{FAE04EC0-301F-11D3-BF4B-00C04F79EFBC}") = "ImplementaInterfaz", "ImplementaInterfaz\ImplementaInterfaz.csproj", "{FC3A1E3C-57AC-4B77-B747-53E81FB00326}"
EndProject
Global
	GlobalSection(SolutionConfigurationPlatforms) = preSolution
		Debug|x86 = Debug|x86
		Release|x86 = Release|x86
	EndGlobalSection
	GlobalSection(ProjectConfigurationPlatforms) = postSolution
		{FC3A1E3C-57AC-4B77-B747-53E81FB00326}.Debug|x86.ActiveCfg = Debug|x86
		{FC3A1E3C-57AC-4B77-B747-53E81FB00326}.Debug|x86.Build.0 = Debug|x86
		{FC3A1E3C-57AC-4B77-B747-53E81FB00326}.Release|x86.ActiveCfg = Release|x86
		{FC3A1E3C-57AC-4B77-B747-53E81FB00326}.Release|x86.Build.0 = Release|x86
	EndGlobalSection
	GlobalSection(SolutionProperties) = preSolution
		HideSolutionNode = FALSE
	EndGlobalSection
EndGlobal
