
Microsoft Visual Studio Solution File, Format Version 12.00
# Visual Studio 14
VisualStudioVersion = 14.0.25420.1
MinimumVisualStudioVersion = 10.0.40219.1
Project("{FAE04EC0-301F-11D3-BF4B-00C04F79EFBC}") = "WebMVC", "WebMVC\WebMVC.csproj", "{80851A00-BE79-4EFE-A132-BDD2CAEBD860}"
EndProject
Project("{FAE04EC0-301F-11D3-BF4B-00C04F79EFBC}") = "WebMVC.Tests", "WebMVC.Tests\WebMVC.Tests.csproj", "{B1EC55A0-4408-4A0D-B4E1-486C98A92FD6}"
EndProject
Global
	GlobalSection(SolutionConfigurationPlatforms) = preSolution
		Debug|Any CPU = Debug|Any CPU
		Release|Any CPU = Release|Any CPU
	EndGlobalSection
	GlobalSection(ProjectConfigurationPlatforms) = postSolution
		{80851A00-BE79-4EFE-A132-BDD2CAEBD860}.Debug|Any CPU.ActiveCfg = Debug|Any CPU
		{80851A00-BE79-4EFE-A132-BDD2CAEBD860}.Debug|Any CPU.Build.0 = Debug|Any CPU
		{80851A00-BE79-4EFE-A132-BDD2CAEBD860}.Release|Any CPU.ActiveCfg = Release|Any CPU
		{80851A00-BE79-4EFE-A132-BDD2CAEBD860}.Release|Any CPU.Build.0 = Release|Any CPU
		{B1EC55A0-4408-4A0D-B4E1-486C98A92FD6}.Debug|Any CPU.ActiveCfg = Debug|Any CPU
		{B1EC55A0-4408-4A0D-B4E1-486C98A92FD6}.Debug|Any CPU.Build.0 = Debug|Any CPU
		{B1EC55A0-4408-4A0D-B4E1-486C98A92FD6}.Release|Any CPU.ActiveCfg = Release|Any CPU
		{B1EC55A0-4408-4A0D-B4E1-486C98A92FD6}.Release|Any CPU.Build.0 = Release|Any CPU
	EndGlobalSection
	GlobalSection(SolutionProperties) = preSolution
		HideSolutionNode = FALSE
	EndGlobalSection
EndGlobal
