
Microsoft Visual Studio Solution File, Format Version 12.00
# Visual Studio 14
VisualStudioVersion = 14.0.25420.1
MinimumVisualStudioVersion = 10.0.40219.1
Project("{F184B08F-C81C-45F6-A57F-5ABD9991F28F}") = "ProyectoUnitTest", "ProyectoUnitTest\ProyectoUnitTest.vbproj", "{134A0B16-018B-4B8F-8471-08ABBCE45507}"
EndProject
Project("{F184B08F-C81C-45F6-A57F-5ABD9991F28F}") = "ProyectoUnitTest.Tests", "ProyectoUnitTest.Tests\ProyectoUnitTest.Tests.vbproj", "{779957E8-8643-4602-8BD2-0C714C7C1D06}"
EndProject
Global
	GlobalSection(SolutionConfigurationPlatforms) = preSolution
		Debug|Any CPU = Debug|Any CPU
		Release|Any CPU = Release|Any CPU
	EndGlobalSection
	GlobalSection(ProjectConfigurationPlatforms) = postSolution
		{134A0B16-018B-4B8F-8471-08ABBCE45507}.Debug|Any CPU.ActiveCfg = Debug|Any CPU
		{134A0B16-018B-4B8F-8471-08ABBCE45507}.Debug|Any CPU.Build.0 = Debug|Any CPU
		{134A0B16-018B-4B8F-8471-08ABBCE45507}.Release|Any CPU.ActiveCfg = Release|Any CPU
		{134A0B16-018B-4B8F-8471-08ABBCE45507}.Release|Any CPU.Build.0 = Release|Any CPU
		{779957E8-8643-4602-8BD2-0C714C7C1D06}.Debug|Any CPU.ActiveCfg = Debug|Any CPU
		{779957E8-8643-4602-8BD2-0C714C7C1D06}.Debug|Any CPU.Build.0 = Debug|Any CPU
		{779957E8-8643-4602-8BD2-0C714C7C1D06}.Release|Any CPU.ActiveCfg = Release|Any CPU
		{779957E8-8643-4602-8BD2-0C714C7C1D06}.Release|Any CPU.Build.0 = Release|Any CPU
	EndGlobalSection
	GlobalSection(SolutionProperties) = preSolution
		HideSolutionNode = FALSE
	EndGlobalSection
EndGlobal
