
Microsoft Visual Studio Solution File, Format Version 12.00
# Visual Studio 14
VisualStudioVersion = 14.0.25420.1
MinimumVisualStudioVersion = 10.0.40219.1
Project("{F184B08F-C81C-45F6-A57F-5ABD9991F28F}") = "WebMVC", "WebMVC\WebMVC.vbproj", "{81870A52-7A78-47D0-AEC2-E11E7AA3B378}"
EndProject
Project("{F184B08F-C81C-45F6-A57F-5ABD9991F28F}") = "WebMVC.Tests", "WebMVC.Tests\WebMVC.Tests.vbproj", "{D4AF3CF4-E6E6-4D71-89E7-26C9DEC243FB}"
EndProject
Global
	GlobalSection(SolutionConfigurationPlatforms) = preSolution
		Debug|Any CPU = Debug|Any CPU
		Release|Any CPU = Release|Any CPU
	EndGlobalSection
	GlobalSection(ProjectConfigurationPlatforms) = postSolution
		{81870A52-7A78-47D0-AEC2-E11E7AA3B378}.Debug|Any CPU.ActiveCfg = Debug|Any CPU
		{81870A52-7A78-47D0-AEC2-E11E7AA3B378}.Debug|Any CPU.Build.0 = Debug|Any CPU
		{81870A52-7A78-47D0-AEC2-E11E7AA3B378}.Release|Any CPU.ActiveCfg = Release|Any CPU
		{81870A52-7A78-47D0-AEC2-E11E7AA3B378}.Release|Any CPU.Build.0 = Release|Any CPU
		{D4AF3CF4-E6E6-4D71-89E7-26C9DEC243FB}.Debug|Any CPU.ActiveCfg = Debug|Any CPU
		{D4AF3CF4-E6E6-4D71-89E7-26C9DEC243FB}.Debug|Any CPU.Build.0 = Debug|Any CPU
		{D4AF3CF4-E6E6-4D71-89E7-26C9DEC243FB}.Release|Any CPU.ActiveCfg = Release|Any CPU
		{D4AF3CF4-E6E6-4D71-89E7-26C9DEC243FB}.Release|Any CPU.Build.0 = Release|Any CPU
	EndGlobalSection
	GlobalSection(SolutionProperties) = preSolution
		HideSolutionNode = FALSE
	EndGlobalSection
EndGlobal
