
Microsoft Visual Studio Solution File, Format Version 11.00
# Visual Studio 2010
Project("{FAE04EC0-301F-11D3-BF4B-00C04F79EFBC}") = "SystemObsolete", "SystemObsolete\SystemObsolete.csproj", "{CAFA4FF2-4B47-4D1D-9827-E5FA2DB177FD}"
EndProject
Global
	GlobalSection(SolutionConfigurationPlatforms) = preSolution
		Debug|x86 = Debug|x86
		Release|x86 = Release|x86
	EndGlobalSection
	GlobalSection(ProjectConfigurationPlatforms) = postSolution
		{CAFA4FF2-4B47-4D1D-9827-E5FA2DB177FD}.Debug|x86.ActiveCfg = Debug|x86
		{CAFA4FF2-4B47-4D1D-9827-E5FA2DB177FD}.Debug|x86.Build.0 = Debug|x86
		{CAFA4FF2-4B47-4D1D-9827-E5FA2DB177FD}.Release|x86.ActiveCfg = Release|x86
		{CAFA4FF2-4B47-4D1D-9827-E5FA2DB177FD}.Release|x86.Build.0 = Release|x86
	EndGlobalSection
	GlobalSection(SolutionProperties) = preSolution
		HideSolutionNode = FALSE
	EndGlobalSection
EndGlobal
